
Microsoft Visual Studio Solution File, Format Version 12.00
# Visual Studio Version 17
VisualStudioVersion = 17.2.32602.215
MinimumVisualStudioVersion = 10.0.40219.1
Project("{FAE04EC0-301F-11D3-BF4B-00C04F79EFBC}") = "SqlimportConsumer", "SqlimportConsumer.csproj", "{776D112E-7B4A-451B-BAF6-0DB2C09E15F6}"
EndProject
Global
	GlobalSection(SolutionConfigurationPlatforms) = preSolution
		Debug|Any CPU = Debug|Any CPU
		Release|Any CPU = Release|Any CPU
	EndGlobalSection
	GlobalSection(ProjectConfigurationPlatforms) = postSolution
		{776D112E-7B4A-451B-BAF6-0DB2C09E15F6}.Debug|Any CPU.ActiveCfg = Debug|Any CPU
		{776D112E-7B4A-451B-BAF6-0DB2C09E15F6}.Debug|Any CPU.Build.0 = Debug|Any CPU
		{776D112E-7B4A-451B-BAF6-0DB2C09E15F6}.Release|Any CPU.ActiveCfg = Release|Any CPU
		{776D112E-7B4A-451B-BAF6-0DB2C09E15F6}.Release|Any CPU.Build.0 = Release|Any CPU
	EndGlobalSection
	GlobalSection(SolutionProperties) = preSolution
		HideSolutionNode = FALSE
	EndGlobalSection
	GlobalSection(ExtensibilityGlobals) = postSolution
		SolutionGuid = {689080A0-333A-4212-8EF0-6C92751F009C}
	EndGlobalSection
EndGlobal
